
Microsoft Visual Studio Solution File, Format Version 12.00
# Visual Studio Version 16
VisualStudioVersion = 16.0.29123.88
MinimumVisualStudioVersion = 10.0.40219.1
Project("{FAE04EC0-301F-11D3-BF4B-00C04F79EFBC}") = "FIT5032_LAB3", "FIT5032_LAB3\FIT5032_LAB3.csproj", "{FACFD5B4-8BD0-408C-889D-FD9056556C65}"
EndProject
Global
	GlobalSection(SolutionConfigurationPlatforms) = preSolution
		Debug|Any CPU = Debug|Any CPU
		Release|Any CPU = Release|Any CPU
	EndGlobalSection
	GlobalSection(ProjectConfigurationPlatforms) = postSolution
		{FACFD5B4-8BD0-408C-889D-FD9056556C65}.Debug|Any CPU.ActiveCfg = Debug|Any CPU
		{FACFD5B4-8BD0-408C-889D-FD9056556C65}.Debug|Any CPU.Build.0 = Debug|Any CPU
		{FACFD5B4-8BD0-408C-889D-FD9056556C65}.Release|Any CPU.ActiveCfg = Release|Any CPU
		{FACFD5B4-8BD0-408C-889D-FD9056556C65}.Release|Any CPU.Build.0 = Release|Any CPU
	EndGlobalSection
	GlobalSection(SolutionProperties) = preSolution
		HideSolutionNode = FALSE
	EndGlobalSection
	GlobalSection(ExtensibilityGlobals) = postSolution
		SolutionGuid = {3C643223-8125-478D-8AA6-5A9851D0FE88}
	EndGlobalSection
EndGlobal
